
Microsoft Visual Studio Solution File, Format Version 12.00
# Visual Studio 15
VisualStudioVersion = 15.0.27130.2036
MinimumVisualStudioVersion = 10.0.40219.1
Project("{FAE04EC0-301F-11D3-BF4B-00C04F79EFBC}") = "GridExampleMVC", "GridExampleMVC\GridExampleMVC.csproj", "{0382F9EF-9DF7-44F7-8604-976E512D8B7F}"
EndProject
Global
	GlobalSection(SolutionConfigurationPlatforms) = preSolution
		Debug|Any CPU = Debug|Any CPU
		Release|Any CPU = Release|Any CPU
	EndGlobalSection
	GlobalSection(ProjectConfigurationPlatforms) = postSolution
		{0382F9EF-9DF7-44F7-8604-976E512D8B7F}.Debug|Any CPU.ActiveCfg = Debug|Any CPU
		{0382F9EF-9DF7-44F7-8604-976E512D8B7F}.Debug|Any CPU.Build.0 = Debug|Any CPU
		{0382F9EF-9DF7-44F7-8604-976E512D8B7F}.Release|Any CPU.ActiveCfg = Release|Any CPU
		{0382F9EF-9DF7-44F7-8604-976E512D8B7F}.Release|Any CPU.Build.0 = Release|Any CPU
	EndGlobalSection
	GlobalSection(SolutionProperties) = preSolution
		HideSolutionNode = FALSE
	EndGlobalSection
	GlobalSection(ExtensibilityGlobals) = postSolution
		SolutionGuid = {656B8281-82D3-438C-997A-0A83B99653A2}
	EndGlobalSection
EndGlobal
